{
  "name": "NodeTLV",
  "version": "1.0.0",
  "lockfileVersion": 1,
  "requires": true,
  "dependencies": {
    "@nodesecure/js-x-ray": {
      "version": "5.0.0",
      "resolved": "https://registry.npmjs.org/@nodesecure/js-x-ray/-/js-x-ray-5.0.0.tgz",
      "integrity": "sha512-mx2eTwzZpaEojals2XVQQAVgk0cfQgrfTUtZFdqK2d0XoOUN8ahxKMm5hL5ew46tOoBEYAiuUByIQr7tfdbqJg==",
      "requires": {
        "@nodesecure/sec-literal": "^1.1.0",
        "estree-walker": "^3.0.1",
        "is-minified-code": "^2.0.0",
        "meriyah": "^4.2.1",
        "safe-regex": "^2.1.1"
      }
    },
    "@nodesecure/sec-literal": {
      "version": "1.1.0",
      "resolved": "https://registry.npmjs.org/@nodesecure/sec-literal/-/sec-literal-1.1.0.tgz",
      "integrity": "sha512-gBk4OGzBR3u+nbMlOGTCJzY0MLLELxkDSlEz49jm0KXHTvGv3r7xNbZKRhuxLkyKFLzGvNohbSiIkhqUOIcyiA==",
      "requires": {
        "frequency-set": "^1.0.1",
        "is-base64": "^1.1.0",
        "is-svg": "^4.3.2",
        "string-width": "^5.1.2"
      }
    },
    "@scarf/scarf": {
      "version": "1.1.1",
      "resolved": "https://registry.npmjs.org/@scarf/scarf/-/scarf-1.1.1.tgz",
      "integrity": "sha512-VGbKDbk1RFIaSmdVb0cNjjWJoRWRI/Weo23AjRCC2nryO0iAS8pzsToJfPVPtVs74WHw4L1UTADNdIYRLkirZQ=="
    },
    "@slimio/winmem": {
      "version": "1.1.0",
      "resolved": "https://registry.npmjs.org/@slimio/winmem/-/winmem-1.1.0.tgz",
      "integrity": "sha512-+SZ0yZA2Dwm435hXTcOl3JiR5JktN3A374GCprRibMo5/a6hD+BHyeVAc3ulckzlfAwFAXTa2tcx8eu9FOiuwQ==",
      "requires": {
        "node-addon-api": "^1.6.2",
        "node-gyp-build": "^3.6.0"
      }
    },
    "ansi-regex": {
      "version": "6.0.1",
      "resolved": "https://registry.npmjs.org/ansi-regex/-/ansi-regex-6.0.1.tgz",
      "integrity": "sha512-n5M855fKb2SsfMIiFFoVrABHJC8QtHwVx+mHWP3QcEqBHYienj5dHSgjbxtC0WEZXYt4wcD6zrQElDPhFuZgfA=="
    },
    "eastasianwidth": {
      "version": "0.2.0",
      "resolved": "https://registry.npmjs.org/eastasianwidth/-/eastasianwidth-0.2.0.tgz",
      "integrity": "sha512-I88TYZWc9XiYHRQ4/3c5rjjfgkjhLyW2luGIheGERbNQ6OY7yTybanSpDXZa8y7VUP9YmDcYa+eyq4ca7iLqWA=="
    },
    "emoji-regex": {
      "version": "9.2.2",
      "resolved": "https://registry.npmjs.org/emoji-regex/-/emoji-regex-9.2.2.tgz",
      "integrity": "sha512-L18DaJsXSUk2+42pv8mLs5jJT2hqFkFE4j21wOmgbUqsZ2hL72NsUU785g9RXgo3s0ZNgVl42TiHp3ZtOv/Vyg=="
    },
    "estree-walker": {
      "version": "3.0.1",
      "resolved": "https://registry.npmjs.org/estree-walker/-/estree-walker-3.0.1.tgz",
      "integrity": "sha512-woY0RUD87WzMBUiZLx8NsYr23N5BKsOMZHhu2hoNRVh6NXGfoiT1KOL8G3UHlJAnEDGmfa5ubNA/AacfG+Kb0g=="
    },
    "fast-xml-parser": {
      "version": "3.21.1",
      "resolved": "https://registry.npmjs.org/fast-xml-parser/-/fast-xml-parser-3.21.1.tgz",
      "integrity": "sha512-FTFVjYoBOZTJekiUsawGsSYV9QL0A+zDYCRj7y34IO6Jg+2IMYEtQa+bbictpdpV8dHxXywqU7C0gRDEOFtBFg==",
      "requires": {
        "strnum": "^1.0.4"
      }
    },
    "frequency-set": {
      "version": "1.0.1",
      "resolved": "git+https://github.com/fraxken/FrequencySet.git#dbad8be4336ed3256116187fbb2be7612a4c4758"
    },
    "is-base64": {
      "version": "1.1.0",
      "resolved": "https://registry.npmjs.org/is-base64/-/is-base64-1.1.0.tgz",
      "integrity": "sha512-Nlhg7Z2dVC4/PTvIFkgVVNvPHSO2eR/Yd0XzhGiXCXEvWnptXlXa/clQ8aePPiMuxEGcWfzWbGw2Fe3d+Y3v1g=="
    },
    "is-minified-code": {
      "version": "2.0.0",
      "resolved": "https://registry.npmjs.org/is-minified-code/-/is-minified-code-2.0.0.tgz",
      "integrity": "sha512-I1BHmOxm7owypunUWnYx2Ggdhg3lzdyJXLepi8NuR/IsvgVgkwjLj+12iYAGUklu0Xvy3nXGcDSKGbE0Q0Nkag=="
    },
    "is-svg": {
      "version": "4.3.2",
      "resolved": "https://registry.npmjs.org/is-svg/-/is-svg-4.3.2.tgz",
      "integrity": "sha512-mM90duy00JGMyjqIVHu9gNTjywdZV+8qNasX8cm/EEYZ53PHDgajvbBwNVvty5dwSAxLUD3p3bdo+7sR/UMrpw==",
      "requires": {
        "fast-xml-parser": "^3.19.0"
      }
    },
    "iterator-matcher": {
      "version": "git+https://github.com/fraxken/IteratorMatcher.git#5cbbaac879a9cfba6e00710d13a489474458ea2c",
      "from": "git+https://github.com/fraxken/IteratorMatcher.git"
    },
    "meriyah": {
      "version": "4.2.1",
      "resolved": "https://registry.npmjs.org/meriyah/-/meriyah-4.2.1.tgz",
      "integrity": "sha512-Uv5sWsmjFNC6IszEmHo5bzJLL+kqjQ/VrEj9Agqsqtx7B6dcxHnHLew1ioJD19HNXrxrRZltPi+NVh12I8RLXA=="
    },
    "node-addon-api": {
      "version": "1.7.2",
      "resolved": "https://registry.npmjs.org/node-addon-api/-/node-addon-api-1.7.2.tgz",
      "integrity": "sha512-ibPK3iA+vaY1eEjESkQkM0BbCqFOaZMiXRTtdB0u7b4djtY6JnsjvPdUHVMg6xQt3B8fpTTWHI9A+ADjM9frzg=="
    },
    "node-gyp-build": {
      "version": "3.9.0",
      "resolved": "https://registry.npmjs.org/node-gyp-build/-/node-gyp-build-3.9.0.tgz",
      "integrity": "sha512-zLcTg6P4AbcHPq465ZMFNXx7XpKKJh+7kkN699NiQWisR2uWYOWNWqRHAmbnmKiL4e9aLSlmy5U7rEMUXV59+A=="
    },
    "regexp-tree": {
      "version": "0.1.24",
      "resolved": "https://registry.npmjs.org/regexp-tree/-/regexp-tree-0.1.24.tgz",
      "integrity": "sha512-s2aEVuLhvnVJW6s/iPgEGK6R+/xngd2jNQ+xy4bXNDKxZKJH6jpPHY6kVeVv1IeLCHgswRj+Kl3ELaDjG6V1iw=="
    },
    "safe-regex": {
      "version": "2.1.1",
      "resolved": "https://registry.npmjs.org/safe-regex/-/safe-regex-2.1.1.tgz",
      "integrity": "sha512-rx+x8AMzKb5Q5lQ95Zoi6ZbJqwCLkqi3XuJXp5P3rT8OEc6sZCJG5AE5dU3lsgRr/F4Bs31jSlVN+j5KrsGu9A==",
      "requires": {
        "regexp-tree": "~0.1.1"
      }
    },
    "sqlite": {
      "version": "4.1.1",
      "resolved": "https://registry.npmjs.org/sqlite/-/sqlite-4.1.1.tgz",
      "integrity": "sha512-qssVl58Q4ytWabIK7e3lIjDuiXu0sq+M2foXFILrlJwpHisTgywQ5wDB5ImcOPMbuZHX3Q5gmlcDgX3m+VBfdw=="
    },
    "string-width": {
      "version": "5.1.2",
      "resolved": "https://registry.npmjs.org/string-width/-/string-width-5.1.2.tgz",
      "integrity": "sha512-HnLOCR3vjcY8beoNLtcjZ5/nxn2afmME6lhrDrebokqMap+XbeW8n9TXpPDOqdGK5qcI3oT0GKTW6wC7EMiVqA==",
      "requires": {
        "eastasianwidth": "^0.2.0",
        "emoji-regex": "^9.2.2",
        "strip-ansi": "^7.0.1"
      }
    },
    "strip-ansi": {
      "version": "7.0.1",
      "resolved": "https://registry.npmjs.org/strip-ansi/-/strip-ansi-7.0.1.tgz",
      "integrity": "sha512-cXNxvT8dFNRVfhVME3JAe98mkXDYN2O1l7jmcwMnOslDeESg1rF/OZMtK0nRAhiari1unG5cD4jG3rapUAkLbw==",
      "requires": {
        "ansi-regex": "^6.0.1"
      }
    },
    "strnum": {
      "version": "1.0.5",
      "resolved": "https://registry.npmjs.org/strnum/-/strnum-1.0.5.tgz",
      "integrity": "sha512-J8bbNyKKXl5qYcR36TIO8W3mVGVHrmmxsd5PAItGkmyzwJvybiw2IVq5nqd0i4LSNSkB/sx9VHllbfFdr9k1JA=="
    },
    "undici": {
      "version": "5.3.0",
      "resolved": "https://registry.npmjs.org/undici/-/undici-5.3.0.tgz",
      "integrity": "sha512-8LxC/xmR2GCE4q1heE1sJxVnnf5S6yQ2dObvMFBBWkB8aQlaqNuWovgRFWRMB7KUdLPGZfOTTmUeeLEJYX56iQ=="
    }
  }
}
